
Microsoft Visual Studio Solution File, Format Version 12.00
# Visual Studio 15
VisualStudioVersion = 15.0.28307.1778
MinimumVisualStudioVersion = 10.0.40219.1
Project("{FAE04EC0-301F-11D3-BF4B-00C04F79EFBC}") = "Tech Assignment 3 - Using Iterative Solutions2", "Tech Assignment 3 - Using Iterative Solutions2\Tech Assignment 3 - Using Iterative Solutions2.csproj", "{B2AA6013-B1A7-41C3-A444-17A2536D86B1}"
EndProject
Global
	GlobalSection(SolutionConfigurationPlatforms) = preSolution
		Debug|Any CPU = Debug|Any CPU
		Release|Any CPU = Release|Any CPU
	EndGlobalSection
	GlobalSection(ProjectConfigurationPlatforms) = postSolution
		{B2AA6013-B1A7-41C3-A444-17A2536D86B1}.Debug|Any CPU.ActiveCfg = Debug|Any CPU
		{B2AA6013-B1A7-41C3-A444-17A2536D86B1}.Debug|Any CPU.Build.0 = Debug|Any CPU
		{B2AA6013-B1A7-41C3-A444-17A2536D86B1}.Release|Any CPU.ActiveCfg = Release|Any CPU
		{B2AA6013-B1A7-41C3-A444-17A2536D86B1}.Release|Any CPU.Build.0 = Release|Any CPU
	EndGlobalSection
	GlobalSection(SolutionProperties) = preSolution
		HideSolutionNode = FALSE
	EndGlobalSection
	GlobalSection(ExtensibilityGlobals) = postSolution
		SolutionGuid = {875FF5AE-777C-4A8D-8EBD-2FFD3CCCFF87}
	EndGlobalSection
EndGlobal
